
Microsoft Visual Studio Solution File, Format Version 12.00
# Visual Studio 2013
VisualStudioVersion = 12.0.21005.1
MinimumVisualStudioVersion = 10.0.40219.1
Project("{FAE04EC0-301F-11D3-BF4B-00C04F79EFBC}") = "PlotLingoConsole", "PlotLingoConsole\PlotLingoConsole.csproj", "{433C41E9-5B3D-4EEB-8E3B-3F3E014C2814}"
	ProjectSection(ProjectDependencies) = postProject
		{65B6AB20-9B2B-4256-9646-10C6C84133A7} = {65B6AB20-9B2B-4256-9646-10C6C84133A7}
	EndProjectSection
EndProject
Project("{FAE04EC0-301F-11D3-BF4B-00C04F79EFBC}") = "PlotLingoCoreLib", "PlotLingoLib\PlotLingoCoreLib.csproj", "{507D5285-91FE-4E30-9989-B6A84B5C17CF}"
EndProject
Project("{FAE04EC0-301F-11D3-BF4B-00C04F79EFBC}") = "PlotLingoCoreLibTest", "PlotLingoLibTest\PlotLingoCoreLibTest.csproj", "{7D82FD16-A0B1-4A10-87D4-BC63FE52243F}"
EndProject
Project("{FAE04EC0-301F-11D3-BF4B-00C04F79EFBC}") = "PlotLingoFunctionality", "PlotLingoFunctionality\PlotLingoFunctionality.csproj", "{65B6AB20-9B2B-4256-9646-10C6C84133A7}"
EndProject
Project("{2150E333-8FDC-42A3-9474-1A3956D46DE8}") = "Solution Items", "Solution Items", "{EE0486CF-3148-48D9-A299-00C97231CA85}"
	ProjectSection(SolutionItems) = preProject
		README.txt = README.txt
	EndProjectSection
EndProject
Global
	GlobalSection(SolutionConfigurationPlatforms) = preSolution
		Debug|x86 = Debug|x86
		Release|x86 = Release|x86
	EndGlobalSection
	GlobalSection(ProjectConfigurationPlatforms) = postSolution
		{433C41E9-5B3D-4EEB-8E3B-3F3E014C2814}.Debug|x86.ActiveCfg = Debug|x86
		{433C41E9-5B3D-4EEB-8E3B-3F3E014C2814}.Debug|x86.Build.0 = Debug|x86
		{433C41E9-5B3D-4EEB-8E3B-3F3E014C2814}.Release|x86.ActiveCfg = Release|x86
		{433C41E9-5B3D-4EEB-8E3B-3F3E014C2814}.Release|x86.Build.0 = Release|x86
		{507D5285-91FE-4E30-9989-B6A84B5C17CF}.Debug|x86.ActiveCfg = Debug|x86
		{507D5285-91FE-4E30-9989-B6A84B5C17CF}.Debug|x86.Build.0 = Debug|x86
		{507D5285-91FE-4E30-9989-B6A84B5C17CF}.Release|x86.ActiveCfg = Release|x86
		{507D5285-91FE-4E30-9989-B6A84B5C17CF}.Release|x86.Build.0 = Release|x86
		{7D82FD16-A0B1-4A10-87D4-BC63FE52243F}.Debug|x86.ActiveCfg = Debug|x86
		{7D82FD16-A0B1-4A10-87D4-BC63FE52243F}.Debug|x86.Build.0 = Debug|x86
		{7D82FD16-A0B1-4A10-87D4-BC63FE52243F}.Release|x86.ActiveCfg = Release|x86
		{7D82FD16-A0B1-4A10-87D4-BC63FE52243F}.Release|x86.Build.0 = Release|x86
		{65B6AB20-9B2B-4256-9646-10C6C84133A7}.Debug|x86.ActiveCfg = Debug|x86
		{65B6AB20-9B2B-4256-9646-10C6C84133A7}.Debug|x86.Build.0 = Debug|x86
		{65B6AB20-9B2B-4256-9646-10C6C84133A7}.Release|x86.ActiveCfg = Release|x86
		{65B6AB20-9B2B-4256-9646-10C6C84133A7}.Release|x86.Build.0 = Release|x86
	EndGlobalSection
	GlobalSection(SolutionProperties) = preSolution
		HideSolutionNode = FALSE
	EndGlobalSection
EndGlobal
